{
  "originHash" : "607263a99dc5b5f98430eb02d787f9ec637bd28170a15b5db86cdb986c2463f8",
  "pins" : [
    {
      "identity" : "plate",
      "kind" : "remoteSourceControl",
      "location" : "https://github.com/leviouwendijk/plate.git",
      "state" : {
        "revision" : "dcc78325389dfb466fcc014946bfc0c9111c8099",
        "version" : "1.6.3"
      }
    }
  ],
  "version" : 3
}
